
Microsoft Visual Studio Solution File, Format Version 12.00
# Visual Studio Version 16
VisualStudioVersion = 16.0.31424.327
MinimumVisualStudioVersion = 10.0.40219.1
Project("{FAE04EC0-301F-11D3-BF4B-00C04F79EFBC}") = "GasEmissionsProject", "GasEmissionsProject\GasEmissionsProject.csproj", "{4470D229-AE5B-4D2A-A12F-67C52932F780}"
EndProject
Global
	GlobalSection(SolutionConfigurationPlatforms) = preSolution
		Debug|Any CPU = Debug|Any CPU
		Release|Any CPU = Release|Any CPU
	EndGlobalSection
	GlobalSection(ProjectConfigurationPlatforms) = postSolution
		{4470D229-AE5B-4D2A-A12F-67C52932F780}.Debug|Any CPU.ActiveCfg = Debug|Any CPU
		{4470D229-AE5B-4D2A-A12F-67C52932F780}.Debug|Any CPU.Build.0 = Debug|Any CPU
		{4470D229-AE5B-4D2A-A12F-67C52932F780}.Release|Any CPU.ActiveCfg = Release|Any CPU
		{4470D229-AE5B-4D2A-A12F-67C52932F780}.Release|Any CPU.Build.0 = Release|Any CPU
	EndGlobalSection
	GlobalSection(SolutionProperties) = preSolution
		HideSolutionNode = FALSE
	EndGlobalSection
	GlobalSection(ExtensibilityGlobals) = postSolution
		SolutionGuid = {C98EC286-3CB2-4892-8F7D-16F182F7B7FC}
	EndGlobalSection
EndGlobal
